
Microsoft Visual Studio Solution File, Format Version 12.00
# Visual Studio Version 17
VisualStudioVersion = 17.5.33414.496
MinimumVisualStudioVersion = 10.0.40219.1
Project("{FAE04EC0-301F-11D3-BF4B-00C04F79EFBC}") = "JWT.API.Application", "JWT.API.Application\JWT.API.Application.csproj", "{9E69C7ED-C9CF-478E-8953-FEE7BEDF1C6E}"
EndProject
Global
	GlobalSection(SolutionConfigurationPlatforms) = preSolution
		Debug|Any CPU = Debug|Any CPU
		Release|Any CPU = Release|Any CPU
	EndGlobalSection
	GlobalSection(ProjectConfigurationPlatforms) = postSolution
		{9E69C7ED-C9CF-478E-8953-FEE7BEDF1C6E}.Debug|Any CPU.ActiveCfg = Debug|Any CPU
		{9E69C7ED-C9CF-478E-8953-FEE7BEDF1C6E}.Debug|Any CPU.Build.0 = Debug|Any CPU
		{9E69C7ED-C9CF-478E-8953-FEE7BEDF1C6E}.Release|Any CPU.ActiveCfg = Release|Any CPU
		{9E69C7ED-C9CF-478E-8953-FEE7BEDF1C6E}.Release|Any CPU.Build.0 = Release|Any CPU
	EndGlobalSection
	GlobalSection(SolutionProperties) = preSolution
		HideSolutionNode = FALSE
	EndGlobalSection
	GlobalSection(ExtensibilityGlobals) = postSolution
		SolutionGuid = {A34A1A2D-624E-43A5-80B1-BD6C498441A1}
	EndGlobalSection
EndGlobal
